
Microsoft Visual Studio Solution File, Format Version 12.00
# Visual Studio Version 17
VisualStudioVersion = 17.14.36301.6 d17.14
MinimumVisualStudioVersion = 10.0.40219.1
Project("{FAE04EC0-301F-11D3-BF4B-00C04F79EFBC}") = "Tutorial -1", "Tutorial -1.csproj", "{EB38CB67-35C3-45FE-AC74-0258F8EE2440}"
EndProject
Global
	GlobalSection(SolutionConfigurationPlatforms) = preSolution
		Debug|Any CPU = Debug|Any CPU
		Release|Any CPU = Release|Any CPU
	EndGlobalSection
	GlobalSection(ProjectConfigurationPlatforms) = postSolution
		{EB38CB67-35C3-45FE-AC74-0258F8EE2440}.Debug|Any CPU.ActiveCfg = Debug|Any CPU
		{EB38CB67-35C3-45FE-AC74-0258F8EE2440}.Debug|Any CPU.Build.0 = Debug|Any CPU
		{EB38CB67-35C3-45FE-AC74-0258F8EE2440}.Release|Any CPU.ActiveCfg = Release|Any CPU
		{EB38CB67-35C3-45FE-AC74-0258F8EE2440}.Release|Any CPU.Build.0 = Release|Any CPU
	EndGlobalSection
	GlobalSection(SolutionProperties) = preSolution
		HideSolutionNode = FALSE
	EndGlobalSection
	GlobalSection(ExtensibilityGlobals) = postSolution
		SolutionGuid = {8B704E28-3A8A-4B25-A08C-5F56D7A2A016}
	EndGlobalSection
EndGlobal
